// !$*UTF8*$!
{
	archiveVersion = 1;
	classes = {
	};
	objectVersion = 55;
	objects = {

/* Begin PBXBuildFile section */
		AF955B8327A6FC5300E6094D /* screen5.png in Resources */ = {isa = PBXBuildFile; fileRef = AF955B7C27A6FC5200E6094D /* screen5.png */; };
		AF955B8427A6FC5300E6094D /* screen2.png in Resources */ = {isa = PBXBuildFile; fileRef = AF955B7D27A6FC5300E6094D /* screen2.png */; };
		AF955B8527A6FC5300E6094D /* screen1.png in Resources */ = {isa = PBXBuildFile; fileRef = AF955B7E27A6FC5300E6094D /* screen1.png */; };
		AF955B8627A6FC5300E6094D /* screen7.png in Resources */ = {isa = PBXBuildFile; fileRef = AF955B7F27A6FC5300E6094D /* screen7.png */; };
		AF955B8727A6FC5300E6094D /* screen6.png in Resources */ = {isa = PBXBuildFile; fileRef = AF955B8027A6FC5300E6094D /* screen6.png */; };
		AF955B8827A6FC5300E6094D /* screen3.png in Resources */ = {isa = PBXBuildFile; fileRef = AF955B8127A6FC5300E6094D /* screen3.png */; };
		AF955B8927A6FC5300E6094D /* screen4.png in Resources */ = {isa = PBXBuildFile; fileRef = AF955B8227A6FC5300E6094D /* screen4.png */; };
		AF955B8B27A6FFAA00E6094D /* OpenWeather-Info.plist in Resources */ = {isa = PBXBuildFile; fileRef = AF955B8A27A6FFAA00E6094D /* OpenWeather-Info.plist */; };
		AFD24A60279D369E0050062C /* AppDelegate.swift in Sources */ = {isa = PBXBuildFile; fileRef = AFD24A5F279D369E0050062C /* AppDelegate.swift */; };
		AFD24A62279D369E0050062C /* SceneDelegate.swift in Sources */ = {isa = PBXBuildFile; fileRef = AFD24A61279D369E0050062C /* SceneDelegate.swift */; };
		AFD24A64279D369E0050062C /* WeatherViewController.swift in Sources */ = {isa = PBXBuildFile; fileRef = AFD24A63279D369E0050062C /* WeatherViewController.swift */; };
		AFD24A67279D369E0050062C /* Main.storyboard in Resources */ = {isa = PBXBuildFile; fileRef = AFD24A65279D369E0050062C /* Main.storyboard */; };
		AFD24A69279D36A10050062C /* Assets.xcassets in Resources */ = {isa = PBXBuildFile; fileRef = AFD24A68279D36A10050062C /* Assets.xcassets */; };
		AFD24A6C279D36A10050062C /* LaunchScreen.storyboard in Resources */ = {isa = PBXBuildFile; fileRef = AFD24A6A279D36A10050062C /* LaunchScreen.storyboard */; };
		AFD24A7B279D6E800050062C /* WeatherManager.swift in Sources */ = {isa = PBXBuildFile; fileRef = AFD24A7A279D6E800050062C /* WeatherManager.swift */; };
		AFD24A7D27A442CF0050062C /* WeatherData.swift in Sources */ = {isa = PBXBuildFile; fileRef = AFD24A7C27A442CF0050062C /* WeatherData.swift */; };
		AFD24A7F27A6639C0050062C /* WeatherModel.swift in Sources */ = {isa = PBXBuildFile; fileRef = AFD24A7E27A6639C0050062C /* WeatherModel.swift */; };
/* End PBXBuildFile section */

/* Begin PBXFileReference section */
		AF955B7C27A6FC5200E6094D /* screen5.png */ = {isa = PBXFileReference; lastKnownFileType = image.png; path = screen5.png; sourceTree = "<group>"; };
		AF955B7D27A6FC5300E6094D /* screen2.png */ = {isa = PBXFileReference; lastKnownFileType = image.png; path = screen2.png; sourceTree = "<group>"; };
		AF955B7E27A6FC5300E6094D /* screen1.png */ = {isa = PBXFileReference; lastKnownFileType = image.png; path = screen1.png; sourceTree = "<group>"; };
		AF955B7F27A6FC5300E6094D /* screen7.png */ = {isa = PBXFileReference; lastKnownFileType = image.png; path = screen7.png; sourceTree = "<group>"; };
		AF955B8027A6FC5300E6094D /* screen6.png */ = {isa = PBXFileReference; lastKnownFileType = image.png; path = screen6.png; sourceTree = "<group>"; };
		AF955B8127A6FC5300E6094D /* screen3.png */ = {isa = PBXFileReference; lastKnownFileType = image.png; path = screen3.png; sourceTree = "<group>"; };
		AF955B8227A6FC5300E6094D /* screen4.png */ = {isa = PBXFileReference; lastKnownFileType = image.png; path = screen4.png; sourceTree = "<group>"; };
		AF955B8A27A6FFAA00E6094D /* OpenWeather-Info.plist */ = {isa = PBXFileReference; lastKnownFileType = text.plist.xml; path = "OpenWeather-Info.plist"; sourceTree = "<group>"; };
		AFD24A5C279D369E0050062C /* Weather.app */ = {isa = PBXFileReference; explicitFileType = wrapper.application; includeInIndex = 0; path = Weather.app; sourceTree = BUILT_PRODUCTS_DIR; };
		AFD24A5F279D369E0050062C /* AppDelegate.swift */ = {isa = PBXFileReference; lastKnownFileType = sourcecode.swift; path = AppDelegate.swift; sourceTree = "<group>"; };
		AFD24A61279D369E0050062C /* SceneDelegate.swift */ = {isa = PBXFileReference; lastKnownFileType = sourcecode.swift; path = SceneDelegate.swift; sourceTree = "<group>"; };
		AFD24A63279D369E0050062C /* WeatherViewController.swift */ = {isa = PBXFileReference; lastKnownFileType = sourcecode.swift; path = WeatherViewController.swift; sourceTree = "<group>"; };
		AFD24A66279D369E0050062C /* Base */ = {isa = PBXFileReference; lastKnownFileType = file.storyboard; name = Base; path = Base.lproj/Main.storyboard; sourceTree = "<group>"; };
		AFD24A68279D36A10050062C /* Assets.xcassets */ = {isa = PBXFileReference; lastKnownFileType = folder.assetcatalog; path = Assets.xcassets; sourceTree = "<group>"; };
		AFD24A6B279D36A10050062C /* Base */ = {isa = PBXFileReference; lastKnownFileType = file.storyboard; name = Base; path = Base.lproj/LaunchScreen.storyboard; sourceTree = "<group>"; };
		AFD24A6D279D36A10050062C /* Info.plist */ = {isa = PBXFileReference; lastKnownFileType = text.plist.xml; path = Info.plist; sourceTree = "<group>"; };
		AFD24A7A279D6E800050062C /* WeatherManager.swift */ = {isa = PBXFileReference; lastKnownFileType = sourcecode.swift; path = WeatherManager.swift; sourceTree = "<group>"; };
		AFD24A7C27A442CF0050062C /* WeatherData.swift */ = {isa = PBXFileReference; lastKnownFileType = sourcecode.swift; path = WeatherData.swift; sourceTree = "<group>"; };
		AFD24A7E27A6639C0050062C /* WeatherModel.swift */ = {isa = PBXFileReference; lastKnownFileType = sourcecode.swift; path = WeatherModel.swift; sourceTree = "<group>"; };
/* End PBXFileReference section */

/* Begin PBXFrameworksBuildPhase section */
		AFD24A59279D369E0050062C /* Frameworks */ = {
			isa = PBXFrameworksBuildPhase;
			buildActionMask = 2147483647;
			files = (
			);
			runOnlyForDeploymentPostprocessing = 0;
		};
/* End PBXFrameworksBuildPhase section */

/* Begin PBXGroup section */
		AF955B7B27A6FBC300E6094D /* screenUI */ = {
			isa = PBXGroup;
			children = (
				AF955B7E27A6FC5300E6094D /* screen1.png */,
				AF955B7D27A6FC5300E6094D /* screen2.png */,
				AF955B8127A6FC5300E6094D /* screen3.png */,
				AF955B8227A6FC5300E6094D /* screen4.png */,
				AF955B7C27A6FC5200E6094D /* screen5.png */,
				AF955B8027A6FC5300E6094D /* screen6.png */,
				AF955B7F27A6FC5300E6094D /* screen7.png */,
			);
			path = screenUI;
			sourceTree = "<group>";
		};
		AFD24A53279D369E0050062C = {
			isa = PBXGroup;
			children = (
				AF955B8A27A6FFAA00E6094D /* OpenWeather-Info.plist */,
				AFD24A5E279D369E0050062C /* Weather */,
				AFD24A5D279D369E0050062C /* Products */,
			);
			sourceTree = "<group>";
		};
		AFD24A5D279D369E0050062C /* Products */ = {
			isa = PBXGroup;
			children = (
				AFD24A5C279D369E0050062C /* Weather.app */,
			);
			name = Products;
			sourceTree = "<group>";
		};
		AFD24A5E279D369E0050062C /* Weather */ = {
			isa = PBXGroup;
			children = (
				AFD24A5F279D369E0050062C /* AppDelegate.swift */,
				AFD24A61279D369E0050062C /* SceneDelegate.swift */,
				AFD24A79279D4DF30050062C /* Model */,
				AFD24A77279D4DDD0050062C /* View */,
				AFD24A78279D4DE80050062C /* Controller */,
				AFD24A68279D36A10050062C /* Assets.xcassets */,
				AFD24A6A279D36A10050062C /* LaunchScreen.storyboard */,
				AFD24A6D279D36A10050062C /* Info.plist */,
				AF955B7B27A6FBC300E6094D /* screenUI */,
			);
			path = Weather;
			sourceTree = "<group>";
		};
		AFD24A77279D4DDD0050062C /* View */ = {
			isa = PBXGroup;
			children = (
				AFD24A65279D369E0050062C /* Main.storyboard */,
			);
			path = View;
			sourceTree = "<group>";
		};
		AFD24A78279D4DE80050062C /* Controller */ = {
			isa = PBXGroup;
			children = (
				AFD24A63279D369E0050062C /* WeatherViewController.swift */,
			);
			path = Controller;
			sourceTree = "<group>";
		};
		AFD24A79279D4DF30050062C /* Model */ = {
			isa = PBXGroup;
			children = (
				AFD24A7A279D6E800050062C /* WeatherManager.swift */,
				AFD24A7C27A442CF0050062C /* WeatherData.swift */,
				AFD24A7E27A6639C0050062C /* WeatherModel.swift */,
			);
			path = Model;
			sourceTree = "<group>";
		};
/* End PBXGroup section */

/* Begin PBXNativeTarget section */
		AFD24A5B279D369E0050062C /* Weather */ = {
			isa = PBXNativeTarget;
			buildConfigurationList = AFD24A70279D36A10050062C /* Build configuration list for PBXNativeTarget "Weather" */;
			buildPhases = (
				AFD24A58279D369E0050062C /* Sources */,
				AFD24A59279D369E0050062C /* Frameworks */,
				AFD24A5A279D369E0050062C /* Resources */,
			);
			buildRules = (
			);
			dependencies = (
			);
			name = Weather;
			productName = Weather;
			productReference = AFD24A5C279D369E0050062C /* Weather.app */;
			productType = "com.apple.product-type.application";
		};
/* End PBXNativeTarget section */

/* Begin PBXProject section */
		AFD24A54279D369E0050062C /* Project object */ = {
			isa = PBXProject;
			attributes = {
				BuildIndependentTargetsInParallel = 1;
				LastSwiftUpdateCheck = 1320;
				LastUpgradeCheck = 1320;
				TargetAttributes = {
					AFD24A5B279D369E0050062C = {
						CreatedOnToolsVersion = 13.2.1;
					};
				};
			};
			buildConfigurationList = AFD24A57279D369E0050062C /* Build configuration list for PBXProject "Weather" */;
			compatibilityVersion = "Xcode 13.0";
			developmentRegion = en;
			hasScannedForEncodings = 0;
			knownRegions = (
				en,
				Base,
			);
			mainGroup = AFD24A53279D369E0050062C;
			productRefGroup = AFD24A5D279D369E0050062C /* Products */;
			projectDirPath = "";
			projectRoot = "";
			targets = (
				AFD24A5B279D369E0050062C /* Weather */,
			);
		};
/* End PBXProject section */

/* Begin PBXResourcesBuildPhase section */
		AFD24A5A279D369E0050062C /* Resources */ = {
			isa = PBXResourcesBuildPhase;
			buildActionMask = 2147483647;
			files = (
				AF955B8927A6FC5300E6094D /* screen4.png in Resources */,
				AFD24A6C279D36A10050062C /* LaunchScreen.storyboard in Resources */,
				AF955B8827A6FC5300E6094D /* screen3.png in Resources */,
				AF955B8B27A6FFAA00E6094D /* OpenWeather-Info.plist in Resources */,
				AF955B8527A6FC5300E6094D /* screen1.png in Resources */,
				AFD24A69279D36A10050062C /* Assets.xcassets in Resources */,
				AF955B8427A6FC5300E6094D /* screen2.png in Resources */,
				AF955B8727A6FC5300E6094D /* screen6.png in Resources */,
				AFD24A67279D369E0050062C /* Main.storyboard in Resources */,
				AF955B8627A6FC5300E6094D /* screen7.png in Resources */,
				AF955B8327A6FC5300E6094D /* screen5.png in Resources */,
			);
			runOnlyForDeploymentPostprocessing = 0;
		};
/* End PBXResourcesBuildPhase section */

/* Begin PBXSourcesBuildPhase section */
		AFD24A58279D369E0050062C /* Sources */ = {
			isa = PBXSourcesBuildPhase;
			buildActionMask = 2147483647;
			files = (
				AFD24A64279D369E0050062C /* WeatherViewController.swift in Sources */,
				AFD24A7D27A442CF0050062C /* WeatherData.swift in Sources */,
				AFD24A60279D369E0050062C /* AppDelegate.swift in Sources */,
				AFD24A7B279D6E800050062C /* WeatherManager.swift in Sources */,
				AFD24A7F27A6639C0050062C /* WeatherModel.swift in Sources */,
				AFD24A62279D369E0050062C /* SceneDelegate.swift in Sources */,
			);
			runOnlyForDeploymentPostprocessing = 0;
		};
/* End PBXSourcesBuildPhase section */

/* Begin PBXVariantGroup section */
		AFD24A65279D369E0050062C /* Main.storyboard */ = {
			isa = PBXVariantGroup;
			children = (
				AFD24A66279D369E0050062C /* Base */,
			);
			name = Main.storyboard;
			sourceTree = "<group>";
		};
		AFD24A6A279D36A10050062C /* LaunchScreen.storyboard */ = {
			isa = PBXVariantGroup;
			children = (
				AFD24A6B279D36A10050062C /* Base */,
			);
			name = LaunchScreen.storyboard;
			sourceTree = "<group>";
		};
/* End PBXVariantGroup section */

/* Begin XCBuildConfiguration section */
		AFD24A6E279D36A10050062C /* Debug */ = {
			isa = XCBuildConfiguration;
			buildSettings = {
				ALWAYS_SEARCH_USER_PATHS = NO;
				CLANG_ANALYZER_NONNULL = YES;
				CLANG_ANALYZER_NUMBER_OBJECT_CONVERSION = YES_AGGRESSIVE;
				CLANG_CXX_LANGUAGE_STANDARD = "gnu++17";
				CLANG_CXX_LIBRARY = "libc++";
				CLANG_ENABLE_MODULES = YES;
				CLANG_ENABLE_OBJC_ARC = YES;
				CLANG_ENABLE_OBJC_WEAK = YES;
				CLANG_WARN_BLOCK_CAPTURE_AUTORELEASING = YES;
				CLANG_WARN_BOOL_CONVERSION = YES;
				CLANG_WARN_COMMA = YES;
				CLANG_WARN_CONSTANT_CONVERSION = YES;
				CLANG_WARN_DEPRECATED_OBJC_IMPLEMENTATIONS = YES;
				CLANG_WARN_DIRECT_OBJC_ISA_USAGE = YES_ERROR;
				CLANG_WARN_DOCUMENTATION_COMMENTS = YES;
				CLANG_WARN_EMPTY_BODY = YES;
				CLANG_WARN_ENUM_CONVERSION = YES;
				CLANG_WARN_INFINITE_RECURSION = YES;
				CLANG_WARN_INT_CONVERSION = YES;
				CLANG_WARN_NON_LITERAL_NULL_CONVERSION = YES;
				CLANG_WARN_OBJC_IMPLICIT_RETAIN_SELF = YES;
				CLANG_WARN_OBJC_LITERAL_CONVERSION = YES;
				CLANG_WARN_OBJC_ROOT_CLASS = YES_ERROR;
				CLANG_WARN_QUOTED_INCLUDE_IN_FRAMEWORK_HEADER = YES;
				CLANG_WARN_RANGE_LOOP_ANALYSIS = YES;
				CLANG_WARN_STRICT_PROTOTYPES = YES;
				CLANG_WARN_SUSPICIOUS_MOVE = YES;
				CLANG_WARN_UNGUARDED_AVAILABILITY = YES_AGGRESSIVE;
				CLANG_WARN_UNREACHABLE_CODE = YES;
				CLANG_WARN__DUPLICATE_METHOD_MATCH = YES;
				COPY_PHASE_STRIP = NO;
				DEBUG_INFORMATION_FORMAT = dwarf;
				ENABLE_STRICT_OBJC_MSGSEND = YES;
				ENABLE_TESTABILITY = YES;
				GCC_C_LANGUAGE_STANDARD = gnu11;
				GCC_DYNAMIC_NO_PIC = NO;
				GCC_NO_COMMON_BLOCKS = YES;
				GCC_OPTIMIZATION_LEVEL = 0;
				GCC_PREPROCESSOR_DEFINITIONS = (
					"DEBUG=1",
					"$(inherited)",
				);
				GCC_WARN_64_TO_32_BIT_CONVERSION = YES;
				GCC_WARN_ABOUT_RETURN_TYPE = YES_ERROR;
				GCC_WARN_UNDECLARED_SELECTOR = YES;
				GCC_WARN_UNINITIALIZED_AUTOS = YES_AGGRESSIVE;
				GCC_WARN_UNUSED_FUNCTION = YES;
				GCC_WARN_UNUSED_VARIABLE = YES;
				IPHONEOS_DEPLOYMENT_TARGET = 15.2;
				MTL_ENABLE_DEBUG_INFO = INCLUDE_SOURCE;
				MTL_FAST_MATH = YES;
				ONLY_ACTIVE_ARCH = YES;
				SDKROOT = iphoneos;
				SWIFT_ACTIVE_COMPILATION_CONDITIONS = DEBUG;
				SWIFT_OPTIMIZATION_LEVEL = "-Onone";
			};
			name = Debug;
		};
		AFD24A6F279D36A10050062C /* Release */ = {
			isa = XCBuildConfiguration;
			buildSettings = {
				ALWAYS_SEARCH_USER_PATHS = NO;
				CLANG_ANALYZER_NONNULL = YES;
				CLANG_ANALYZER_NUMBER_OBJECT_CONVERSION = YES_AGGRESSIVE;
				CLANG_CXX_LANGUAGE_STANDARD = "gnu++17";
				CLANG_CXX_LIBRARY = "libc++";
				CLANG_ENABLE_MODULES = YES;
				CLANG_ENABLE_OBJC_ARC = YES;
				CLANG_ENABLE_OBJC_WEAK = YES;
				CLANG_WARN_BLOCK_CAPTURE_AUTORELEASING = YES;
				CLANG_WARN_BOOL_CONVERSION = YES;
				CLANG_WARN_COMMA = YES;
				CLANG_WARN_CONSTANT_CONVERSION = YES;
				CLANG_WARN_DEPRECATED_OBJC_IMPLEMENTATIONS = YES;
				CLANG_WARN_DIRECT_OBJC_ISA_USAGE = YES_ERROR;
				CLANG_WARN_DOCUMENTATION_COMMENTS = YES;
				CLANG_WARN_EMPTY_BODY = YES;
				CLANG_WARN_ENUM_CONVERSION = YES;
				CLANG_WARN_INFINITE_RECURSION = YES;
				CLANG_WARN_INT_CONVERSION = YES;
				CLANG_WARN_NON_LITERAL_NULL_CONVERSION = YES;
				CLANG_WARN_OBJC_IMPLICIT_RETAIN_SELF = YES;
				CLANG_WARN_OBJC_LITERAL_CONVERSION = YES;
				CLANG_WARN_OBJC_ROOT_CLASS = YES_ERROR;
				CLANG_WARN_QUOTED_INCLUDE_IN_FRAMEWORK_HEADER = YES;
				CLANG_WARN_RANGE_LOOP_ANALYSIS = YES;
				CLANG_WARN_STRICT_PROTOTYPES = YES;
				CLANG_WARN_SUSPICIOUS_MOVE = YES;
				CLANG_WARN_UNGUARDED_AVAILABILITY = YES_AGGRESSIVE;
				CLANG_WARN_UNREACHABLE_CODE = YES;
				CLANG_WARN__DUPLICATE_METHOD_MATCH = YES;
				COPY_PHASE_STRIP = NO;
				DEBUG_INFORMATION_FORMAT = "dwarf-with-dsym";
				ENABLE_NS_ASSERTIONS = NO;
				ENABLE_STRICT_OBJC_MSGSEND = YES;
				GCC_C_LANGUAGE_STANDARD = gnu11;
				GCC_NO_COMMON_BLOCKS = YES;
				GCC_WARN_64_TO_32_BIT_CONVERSION = YES;
				GCC_WARN_ABOUT_RETURN_TYPE = YES_ERROR;
				GCC_WARN_UNDECLARED_SELECTOR = YES;
				GCC_WARN_UNINITIALIZED_AUTOS = YES_AGGRESSIVE;
				GCC_WARN_UNUSED_FUNCTION = YES;
				GCC_WARN_UNUSED_VARIABLE = YES;
				IPHONEOS_DEPLOYMENT_TARGET = 15.2;
				MTL_ENABLE_DEBUG_INFO = NO;
				MTL_FAST_MATH = YES;
				SDKROOT = iphoneos;
				SWIFT_COMPILATION_MODE = wholemodule;
				SWIFT_OPTIMIZATION_LEVEL = "-O";
				VALIDATE_PRODUCT = YES;
			};
			name = Release;
		};
		AFD24A71279D36A10050062C /* Debug */ = {
			isa = XCBuildConfiguration;
			buildSettings = {
				ASSETCATALOG_COMPILER_APPICON_NAME = AppIcon;
				ASSETCATALOG_COMPILER_GLOBAL_ACCENT_COLOR_NAME = AccentColor;
				CODE_SIGN_STYLE = Automatic;
				CURRENT_PROJECT_VERSION = 1;
				DEVELOPMENT_TEAM = W44HKF7Z47;
				GENERATE_INFOPLIST_FILE = YES;
				INFOPLIST_FILE = Weather/Info.plist;
				INFOPLIST_KEY_UIApplicationSupportsIndirectInputEvents = YES;
				INFOPLIST_KEY_UILaunchStoryboardName = LaunchScreen;
				INFOPLIST_KEY_UIMainStoryboardFile = Main;
				INFOPLIST_KEY_UISupportedInterfaceOrientations_iPad = "UIInterfaceOrientationPortrait UIInterfaceOrientationPortraitUpsideDown UIInterfaceOrientationLandscapeLeft UIInterfaceOrientationLandscapeRight";
				INFOPLIST_KEY_UISupportedInterfaceOrientations_iPhone = "UIInterfaceOrientationPortrait UIInterfaceOrientationLandscapeLeft UIInterfaceOrientationLandscapeRight";
				LD_RUNPATH_SEARCH_PATHS = (
					"$(inherited)",
					"@executable_path/Frameworks",
				);
				MARKETING_VERSION = 1.0;
				PRODUCT_BUNDLE_IDENTIFIER = com.vickylee.Weather;
				PRODUCT_NAME = "$(TARGET_NAME)";
				SWIFT_EMIT_LOC_STRINGS = YES;
				SWIFT_VERSION = 5.0;
				TARGETED_DEVICE_FAMILY = "1,2";
			};
			name = Debug;
		};
		AFD24A72279D36A10050062C /* Release */ = {
			isa = XCBuildConfiguration;
			buildSettings = {
				ASSETCATALOG_COMPILER_APPICON_NAME = AppIcon;
				ASSETCATALOG_COMPILER_GLOBAL_ACCENT_COLOR_NAME = AccentColor;
				CODE_SIGN_STYLE = Automatic;
				CURRENT_PROJECT_VERSION = 1;
				DEVELOPMENT_TEAM = W44HKF7Z47;
				GENERATE_INFOPLIST_FILE = YES;
				INFOPLIST_FILE = Weather/Info.plist;
				INFOPLIST_KEY_UIApplicationSupportsIndirectInputEvents = YES;
				INFOPLIST_KEY_UILaunchStoryboardName = LaunchScreen;
				INFOPLIST_KEY_UIMainStoryboardFile = Main;
				INFOPLIST_KEY_UISupportedInterfaceOrientations_iPad = "UIInterfaceOrientationPortrait UIInterfaceOrientationPortraitUpsideDown UIInterfaceOrientationLandscapeLeft UIInterfaceOrientationLandscapeRight";
				INFOPLIST_KEY_UISupportedInterfaceOrientations_iPhone = "UIInterfaceOrientationPortrait UIInterfaceOrientationLandscapeLeft UIInterfaceOrientationLandscapeRight";
				LD_RUNPATH_SEARCH_PATHS = (
					"$(inherited)",
					"@executable_path/Frameworks",
				);
				MARKETING_VERSION = 1.0;
				PRODUCT_BUNDLE_IDENTIFIER = com.vickylee.Weather;
				PRODUCT_NAME = "$(TARGET_NAME)";
				SWIFT_EMIT_LOC_STRINGS = YES;
				SWIFT_VERSION = 5.0;
				TARGETED_DEVICE_FAMILY = "1,2";
			};
			name = Release;
		};
/* End XCBuildConfiguration section */

/* Begin XCConfigurationList section */
		AFD24A57279D369E0050062C /* Build configuration list for PBXProject "Weather" */ = {
			isa = XCConfigurationList;
			buildConfigurations = (
				AFD24A6E279D36A10050062C /* Debug */,
				AFD24A6F279D36A10050062C /* Release */,
			);
			defaultConfigurationIsVisible = 0;
			defaultConfigurationName = Release;
		};
		AFD24A70279D36A10050062C /* Build configuration list for PBXNativeTarget "Weather" */ = {
			isa = XCConfigurationList;
			buildConfigurations = (
				AFD24A71279D36A10050062C /* Debug */,
				AFD24A72279D36A10050062C /* Release */,
			);
			defaultConfigurationIsVisible = 0;
			defaultConfigurationName = Release;
		};
/* End XCConfigurationList section */
	};
	rootObject = AFD24A54279D369E0050062C /* Project object */;
}
